
Microsoft Visual Studio Solution File, Format Version 12.00
# Visual Studio Version 16
VisualStudioVersion = 16.0.29009.5
MinimumVisualStudioVersion = 10.0.40219.1
Project("{FAE04EC0-301F-11D3-BF4B-00C04F79EFBC}") = "1. Sort Persons by Name and Age", "1. Sort Persons by Name and Age\1. Sort Persons by Name and Age.csproj", "{B9AACF3D-C164-4DD2-81A4-3D44E18654CD}"
EndProject
Global
	GlobalSection(SolutionConfigurationPlatforms) = preSolution
		Debug|Any CPU = Debug|Any CPU
		Release|Any CPU = Release|Any CPU
	EndGlobalSection
	GlobalSection(ProjectConfigurationPlatforms) = postSolution
		{B9AACF3D-C164-4DD2-81A4-3D44E18654CD}.Debug|Any CPU.ActiveCfg = Debug|Any CPU
		{B9AACF3D-C164-4DD2-81A4-3D44E18654CD}.Debug|Any CPU.Build.0 = Debug|Any CPU
		{B9AACF3D-C164-4DD2-81A4-3D44E18654CD}.Release|Any CPU.ActiveCfg = Release|Any CPU
		{B9AACF3D-C164-4DD2-81A4-3D44E18654CD}.Release|Any CPU.Build.0 = Release|Any CPU
	EndGlobalSection
	GlobalSection(SolutionProperties) = preSolution
		HideSolutionNode = FALSE
	EndGlobalSection
	GlobalSection(ExtensibilityGlobals) = postSolution
		SolutionGuid = {AF5287B1-D69B-4DAF-8E1E-E1B5385E49EC}
	EndGlobalSection
EndGlobal
